
Microsoft Visual Studio Solution File, Format Version 12.00
# Visual Studio Version 17
VisualStudioVersion = 17.7.34031.279
MinimumVisualStudioVersion = 10.0.40219.1
Project("{FAE04EC0-301F-11D3-BF4B-00C04F79EFBC}") = "RabbitMQ_Publisher", "RabbitMQ_Publisher\RabbitMQ_Publisher.csproj", "{605CA452-F539-4408-9F3C-6E77324A1ACD}"
EndProject
Project("{FAE04EC0-301F-11D3-BF4B-00C04F79EFBC}") = "Consumer", "Consumer\Consumer.csproj", "{6090591D-6CDE-4A80-83AF-63DFF900A870}"
EndProject
Global
	GlobalSection(SolutionConfigurationPlatforms) = preSolution
		Debug|Any CPU = Debug|Any CPU
		Release|Any CPU = Release|Any CPU
	EndGlobalSection
	GlobalSection(ProjectConfigurationPlatforms) = postSolution
		{605CA452-F539-4408-9F3C-6E77324A1ACD}.Debug|Any CPU.ActiveCfg = Debug|Any CPU
		{605CA452-F539-4408-9F3C-6E77324A1ACD}.Debug|Any CPU.Build.0 = Debug|Any CPU
		{605CA452-F539-4408-9F3C-6E77324A1ACD}.Release|Any CPU.ActiveCfg = Release|Any CPU
		{605CA452-F539-4408-9F3C-6E77324A1ACD}.Release|Any CPU.Build.0 = Release|Any CPU
		{6090591D-6CDE-4A80-83AF-63DFF900A870}.Debug|Any CPU.ActiveCfg = Debug|Any CPU
		{6090591D-6CDE-4A80-83AF-63DFF900A870}.Debug|Any CPU.Build.0 = Debug|Any CPU
		{6090591D-6CDE-4A80-83AF-63DFF900A870}.Release|Any CPU.ActiveCfg = Release|Any CPU
		{6090591D-6CDE-4A80-83AF-63DFF900A870}.Release|Any CPU.Build.0 = Release|Any CPU
	EndGlobalSection
	GlobalSection(SolutionProperties) = preSolution
		HideSolutionNode = FALSE
	EndGlobalSection
	GlobalSection(ExtensibilityGlobals) = postSolution
		SolutionGuid = {ED18F0E4-DDF5-4EB3-8FC7-5616DF0E350B}
	EndGlobalSection
EndGlobal
